
Microsoft Visual Studio Solution File, Format Version 12.00
# Visual Studio 2015
Project("{FAE04EC0-301F-11D3-BF4B-00C04F79EFBC}") = "FINAL_PROJECT.CSharp", "FINAL_PROJECT.CSharp.csproj", "{FE446BDF-FDEA-B48D-6A0C-0DD8656EECB8}"
EndProject
Project("{FAE04EC0-301F-11D3-BF4B-00C04F79EFBC}") = "FINAL_PROJECT.CSharp.Editor", "FINAL_PROJECT.CSharp.Editor.csproj", "{F9B1A3E9-A287-2174-90DC-8879A5FEB423}"
EndProject
Global
	GlobalSection(SolutionConfigurationPlatforms) = preSolution
		Debug|Any CPU = Debug|Any CPU
		Release|Any CPU = Release|Any CPU
	EndGlobalSection
	GlobalSection(ProjectConfigurationPlatforms) = postSolution
		{FE446BDF-FDEA-B48D-6A0C-0DD8656EECB8}.Debug|Any CPU.ActiveCfg = Debug|Any CPU
		{FE446BDF-FDEA-B48D-6A0C-0DD8656EECB8}.Debug|Any CPU.Build.0 = Debug|Any CPU
		{FE446BDF-FDEA-B48D-6A0C-0DD8656EECB8}.Release|Any CPU.ActiveCfg = Release|Any CPU
		{FE446BDF-FDEA-B48D-6A0C-0DD8656EECB8}.Release|Any CPU.Build.0 = Release|Any CPU
		{F9B1A3E9-A287-2174-90DC-8879A5FEB423}.Debug|Any CPU.ActiveCfg = Debug|Any CPU
		{F9B1A3E9-A287-2174-90DC-8879A5FEB423}.Debug|Any CPU.Build.0 = Debug|Any CPU
		{F9B1A3E9-A287-2174-90DC-8879A5FEB423}.Release|Any CPU.ActiveCfg = Release|Any CPU
		{F9B1A3E9-A287-2174-90DC-8879A5FEB423}.Release|Any CPU.Build.0 = Release|Any CPU
	EndGlobalSection
	GlobalSection(SolutionProperties) = preSolution
		HideSolutionNode = FALSE
	EndGlobalSection
EndGlobal
